
Microsoft Visual Studio Solution File, Format Version 12.00
# Visual Studio Version 16
VisualStudioVersion = 16.0.34407.143
MinimumVisualStudioVersion = 10.0.40219.1
Project("{FAE04EC0-301F-11D3-BF4B-00C04F79EFBC}") = "JuegoTiempo", "JuegoTiempo\JuegoTiempo.csproj", "{11472E87-0E05-4DB6-A71A-5E8A997BA799}"
EndProject
Global
	GlobalSection(SolutionConfigurationPlatforms) = preSolution
		Debug|Any CPU = Debug|Any CPU
		Release|Any CPU = Release|Any CPU
	EndGlobalSection
	GlobalSection(ProjectConfigurationPlatforms) = postSolution
		{11472E87-0E05-4DB6-A71A-5E8A997BA799}.Debug|Any CPU.ActiveCfg = Debug|Any CPU
		{11472E87-0E05-4DB6-A71A-5E8A997BA799}.Debug|Any CPU.Build.0 = Debug|Any CPU
		{11472E87-0E05-4DB6-A71A-5E8A997BA799}.Release|Any CPU.ActiveCfg = Release|Any CPU
		{11472E87-0E05-4DB6-A71A-5E8A997BA799}.Release|Any CPU.Build.0 = Release|Any CPU
	EndGlobalSection
	GlobalSection(SolutionProperties) = preSolution
		HideSolutionNode = FALSE
	EndGlobalSection
	GlobalSection(ExtensibilityGlobals) = postSolution
		SolutionGuid = {6D6B3CDA-8223-41EE-88A1-E9145B44B5E0}
	EndGlobalSection
EndGlobal
